
Microsoft Visual Studio Solution File, Format Version 12.00
# Visual Studio 15
VisualStudioVersion = 15.0.27421.1
MinimumVisualStudioVersion = 10.0.40219.1
Project("{FAE04EC0-301F-11D3-BF4B-00C04F79EFBC}") = "NativeStruct.CSharp", "NativeStruct.CSharp\NativeStruct.CSharp.csproj", "{0F166CA9-64B1-4689-B74C-378B23B78B27}"
EndProject
Project("{2150E333-8FDC-42A3-9474-1A3956D46DE8}") = "NativeStruct", "NativeStruct", "{3BA14F8C-21FD-4748-86F7-C1D5E5F3C8BB}"
EndProject
Project("{8BC9CEB8-8B4A-11D0-8D11-00A0C91BC942}") = "NativeStruct.Cpp", "NativeStruct.Cpp\NativeStruct.Cpp.vcxproj", "{5647CA0F-EB36-4372-B6D0-8278DABC267E}"
EndProject
Project("{FAE04EC0-301F-11D3-BF4B-00C04F79EFBC}") = "NativeStruct.CSharp.Wrapper", "NativeStruct.CSharp.Wrapper\NativeStruct.CSharp.Wrapper.csproj", "{94C64872-F1B9-47FF-A4B6-3A8D57C13695}"
EndProject
Global
	GlobalSection(SolutionConfigurationPlatforms) = preSolution
		Debug|Any CPU = Debug|Any CPU
		Debug|x64 = Debug|x64
		Debug|x86 = Debug|x86
		Release|Any CPU = Release|Any CPU
		Release|x64 = Release|x64
		Release|x86 = Release|x86
	EndGlobalSection
	GlobalSection(ProjectConfigurationPlatforms) = postSolution
		{0F166CA9-64B1-4689-B74C-378B23B78B27}.Debug|Any CPU.ActiveCfg = Debug|Any CPU
		{0F166CA9-64B1-4689-B74C-378B23B78B27}.Debug|Any CPU.Build.0 = Debug|Any CPU
		{0F166CA9-64B1-4689-B74C-378B23B78B27}.Debug|x64.ActiveCfg = Debug|Any CPU
		{0F166CA9-64B1-4689-B74C-378B23B78B27}.Debug|x64.Build.0 = Debug|Any CPU
		{0F166CA9-64B1-4689-B74C-378B23B78B27}.Debug|x86.ActiveCfg = Debug|Any CPU
		{0F166CA9-64B1-4689-B74C-378B23B78B27}.Debug|x86.Build.0 = Debug|Any CPU
		{0F166CA9-64B1-4689-B74C-378B23B78B27}.Release|Any CPU.ActiveCfg = Release|Any CPU
		{0F166CA9-64B1-4689-B74C-378B23B78B27}.Release|Any CPU.Build.0 = Release|Any CPU
		{0F166CA9-64B1-4689-B74C-378B23B78B27}.Release|x64.ActiveCfg = Release|Any CPU
		{0F166CA9-64B1-4689-B74C-378B23B78B27}.Release|x64.Build.0 = Release|Any CPU
		{0F166CA9-64B1-4689-B74C-378B23B78B27}.Release|x86.ActiveCfg = Release|Any CPU
		{0F166CA9-64B1-4689-B74C-378B23B78B27}.Release|x86.Build.0 = Release|Any CPU
		{5647CA0F-EB36-4372-B6D0-8278DABC267E}.Debug|Any CPU.ActiveCfg = Debug|Win32
		{5647CA0F-EB36-4372-B6D0-8278DABC267E}.Debug|x64.ActiveCfg = Debug|x64
		{5647CA0F-EB36-4372-B6D0-8278DABC267E}.Debug|x64.Build.0 = Debug|x64
		{5647CA0F-EB36-4372-B6D0-8278DABC267E}.Debug|x86.ActiveCfg = Debug|Win32
		{5647CA0F-EB36-4372-B6D0-8278DABC267E}.Debug|x86.Build.0 = Debug|Win32
		{5647CA0F-EB36-4372-B6D0-8278DABC267E}.Release|Any CPU.ActiveCfg = Release|Win32
		{5647CA0F-EB36-4372-B6D0-8278DABC267E}.Release|x64.ActiveCfg = Release|x64
		{5647CA0F-EB36-4372-B6D0-8278DABC267E}.Release|x64.Build.0 = Release|x64
		{5647CA0F-EB36-4372-B6D0-8278DABC267E}.Release|x86.ActiveCfg = Release|Win32
		{5647CA0F-EB36-4372-B6D0-8278DABC267E}.Release|x86.Build.0 = Release|Win32
		{94C64872-F1B9-47FF-A4B6-3A8D57C13695}.Debug|Any CPU.ActiveCfg = Debug|Any CPU
		{94C64872-F1B9-47FF-A4B6-3A8D57C13695}.Debug|Any CPU.Build.0 = Debug|Any CPU
		{94C64872-F1B9-47FF-A4B6-3A8D57C13695}.Debug|x64.ActiveCfg = Debug|Any CPU
		{94C64872-F1B9-47FF-A4B6-3A8D57C13695}.Debug|x64.Build.0 = Debug|Any CPU
		{94C64872-F1B9-47FF-A4B6-3A8D57C13695}.Debug|x86.ActiveCfg = Debug|Any CPU
		{94C64872-F1B9-47FF-A4B6-3A8D57C13695}.Debug|x86.Build.0 = Debug|Any CPU
		{94C64872-F1B9-47FF-A4B6-3A8D57C13695}.Release|Any CPU.ActiveCfg = Release|Any CPU
		{94C64872-F1B9-47FF-A4B6-3A8D57C13695}.Release|Any CPU.Build.0 = Release|Any CPU
		{94C64872-F1B9-47FF-A4B6-3A8D57C13695}.Release|x64.ActiveCfg = Release|Any CPU
		{94C64872-F1B9-47FF-A4B6-3A8D57C13695}.Release|x64.Build.0 = Release|Any CPU
		{94C64872-F1B9-47FF-A4B6-3A8D57C13695}.Release|x86.ActiveCfg = Release|Any CPU
		{94C64872-F1B9-47FF-A4B6-3A8D57C13695}.Release|x86.Build.0 = Release|Any CPU
	EndGlobalSection
	GlobalSection(SolutionProperties) = preSolution
		HideSolutionNode = FALSE
	EndGlobalSection
	GlobalSection(NestedProjects) = preSolution
		{0F166CA9-64B1-4689-B74C-378B23B78B27} = {3BA14F8C-21FD-4748-86F7-C1D5E5F3C8BB}
		{5647CA0F-EB36-4372-B6D0-8278DABC267E} = {3BA14F8C-21FD-4748-86F7-C1D5E5F3C8BB}
		{94C64872-F1B9-47FF-A4B6-3A8D57C13695} = {3BA14F8C-21FD-4748-86F7-C1D5E5F3C8BB}
	EndGlobalSection
	GlobalSection(ExtensibilityGlobals) = postSolution
		SolutionGuid = {C51A5090-2DA6-4941-A542-CBE7B352DC67}
	EndGlobalSection
EndGlobal
